
Microsoft Visual Studio Solution File, Format Version 12.00
# Visual Studio 15
VisualStudioVersion = 15.0.27703.2035
MinimumVisualStudioVersion = 10.0.40219.1
Project("{9A19103F-16F7-4668-BE54-9A1E7A4F7556}") = "APKViewer", "APKViewer\APKViewer.csproj", "{2616D812-C1DC-40FA-940C-E07FA830F578}"
EndProject
Project("{FAE04EC0-301F-11D3-BF4B-00C04F79EFBC}") = "APKViewer.WPFApp", "APKViewer.WPFApp\APKViewer.WPFApp.csproj", "{04702EE1-CE66-44C6-A632-B3000C0BF0B0}"
	ProjectSection(ProjectDependencies) = postProject
		{2616D812-C1DC-40FA-940C-E07FA830F578} = {2616D812-C1DC-40FA-940C-E07FA830F578}
	EndProjectSection
EndProject
Project("{FAE04EC0-301F-11D3-BF4B-00C04F79EFBC}") = "APKViewer.CoreConsoleTestDraft", "APKViewer.CoreConsoleTestDraft\APKViewer.CoreConsoleTestDraft.csproj", "{3E81D9EE-5C70-41CA-9010-2EF1E61D019C}"
	ProjectSection(ProjectDependencies) = postProject
		{2616D812-C1DC-40FA-940C-E07FA830F578} = {2616D812-C1DC-40FA-940C-E07FA830F578}
	EndProjectSection
EndProject
Global
	GlobalSection(SolutionConfigurationPlatforms) = preSolution
		Debug|Any CPU = Debug|Any CPU
		Release|Any CPU = Release|Any CPU
	EndGlobalSection
	GlobalSection(ProjectConfigurationPlatforms) = postSolution
		{2616D812-C1DC-40FA-940C-E07FA830F578}.Debug|Any CPU.ActiveCfg = Debug|Any CPU
		{2616D812-C1DC-40FA-940C-E07FA830F578}.Debug|Any CPU.Build.0 = Debug|Any CPU
		{2616D812-C1DC-40FA-940C-E07FA830F578}.Release|Any CPU.ActiveCfg = Release|Any CPU
		{2616D812-C1DC-40FA-940C-E07FA830F578}.Release|Any CPU.Build.0 = Release|Any CPU
		{04702EE1-CE66-44C6-A632-B3000C0BF0B0}.Debug|Any CPU.ActiveCfg = Debug|Any CPU
		{04702EE1-CE66-44C6-A632-B3000C0BF0B0}.Debug|Any CPU.Build.0 = Debug|Any CPU
		{04702EE1-CE66-44C6-A632-B3000C0BF0B0}.Release|Any CPU.ActiveCfg = Release|Any CPU
		{04702EE1-CE66-44C6-A632-B3000C0BF0B0}.Release|Any CPU.Build.0 = Release|Any CPU
		{3E81D9EE-5C70-41CA-9010-2EF1E61D019C}.Debug|Any CPU.ActiveCfg = Debug|Any CPU
		{3E81D9EE-5C70-41CA-9010-2EF1E61D019C}.Debug|Any CPU.Build.0 = Debug|Any CPU
		{3E81D9EE-5C70-41CA-9010-2EF1E61D019C}.Release|Any CPU.ActiveCfg = Release|Any CPU
		{3E81D9EE-5C70-41CA-9010-2EF1E61D019C}.Release|Any CPU.Build.0 = Release|Any CPU
	EndGlobalSection
	GlobalSection(SolutionProperties) = preSolution
		HideSolutionNode = FALSE
	EndGlobalSection
	GlobalSection(ExtensibilityGlobals) = postSolution
		SolutionGuid = {C5C8AF48-DCA7-4FB0-8E52-790F32B630B8}
	EndGlobalSection
EndGlobal
